// !$*UTF8*$!
{
	archiveVersion = 1;
	classes = {
	};
	objectVersion = 77;
	objects = {

/* Begin PBXContainerItemProxy section */
		1A982FBE2E2D9BF000F65759 /* PBXContainerItemProxy */ = {
			isa = PBXContainerItemProxy;
			containerPortal = 1A982FA82E2D9BEE00F65759 /* Project object */;
			proxyType = 1;
			remoteGlobalIDString = 1A982FAF2E2D9BEE00F65759;
			remoteInfo = MealPrepIOSApp;
		};
		1A982FC82E2D9BF000F65759 /* PBXContainerItemProxy */ = {
			isa = PBXContainerItemProxy;
			containerPortal = 1A982FA82E2D9BEE00F65759 /* Project object */;
			proxyType = 1;
			remoteGlobalIDString = 1A982FAF2E2D9BEE00F65759;
			remoteInfo = MealPrepIOSApp;
		};
/* End PBXContainerItemProxy section */

/* Begin PBXFileReference section */
		1A982FB02E2D9BEE00F65759 /* MealPrepIOSApp.app */ = {isa = PBXFileReference; explicitFileType = wrapper.application; includeInIndex = 0; path = MealPrepIOSApp.app; sourceTree = BUILT_PRODUCTS_DIR; };
		1A982FBD2E2D9BF000F65759 /* MealPrepIOSAppTests.xctest */ = {isa = PBXFileReference; explicitFileType = wrapper.cfbundle; includeInIndex = 0; path = MealPrepIOSAppTests.xctest; sourceTree = BUILT_PRODUCTS_DIR; };
		1A982FC72E2D9BF000F65759 /* MealPrepIOSAppUITests.xctest */ = {isa = PBXFileReference; explicitFileType = wrapper.cfbundle; includeInIndex = 0; path = MealPrepIOSAppUITests.xctest; sourceTree = BUILT_PRODUCTS_DIR; };
/* End PBXFileReference section */

/* Begin PBXFileSystemSynchronizedRootGroup section */
		1A982FB22E2D9BEE00F65759 /* MealPrepIOSApp */ = {
			isa = PBXFileSystemSynchronizedRootGroup;
			path = MealPrepIOSApp;
			sourceTree = "<group>";
		};
		1A982FC02E2D9BF000F65759 /* MealPrepIOSAppTests */ = {
			isa = PBXFileSystemSynchronizedRootGroup;
			path = MealPrepIOSAppTests;
			sourceTree = "<group>";
		};
		1A982FCA2E2D9BF000F65759 /* MealPrepIOSAppUITests */ = {
			isa = PBXFileSystemSynchronizedRootGroup;
			path = MealPrepIOSAppUITests;
			sourceTree = "<group>";
		};
/* End PBXFileSystemSynchronizedRootGroup section */

/* Begin PBXFrameworksBuildPhase section */
		1A982FAD2E2D9BEE00F65759 /* Frameworks */ = {
			isa = PBXFrameworksBuildPhase;
			buildActionMask = 2147483647;
			files = (
			);
			runOnlyForDeploymentPostprocessing = 0;
		};
		1A982FBA2E2D9BF000F65759 /* Frameworks */ = {
			isa = PBXFrameworksBuildPhase;
			buildActionMask = 2147483647;
			files = (
			);
			runOnlyForDeploymentPostprocessing = 0;
		};
		1A982FC42E2D9BF000F65759 /* Frameworks */ = {
			isa = PBXFrameworksBuildPhase;
			buildActionMask = 2147483647;
			files = (
			);
			runOnlyForDeploymentPostprocessing = 0;
		};
/* End PBXFrameworksBuildPhase section */

/* Begin PBXGroup section */
		1A982FA72E2D9BEE00F65759 = {
			isa = PBXGroup;
			children = (
				1A982FB22E2D9BEE00F65759 /* MealPrepIOSApp */,
				1A982FC02E2D9BF000F65759 /* MealPrepIOSAppTests */,
				1A982FCA2E2D9BF000F65759 /* MealPrepIOSAppUITests */,
				1A982FB12E2D9BEE00F65759 /* Products */,
			);
			sourceTree = "<group>";
		};
		1A982FB12E2D9BEE00F65759 /* Products */ = {
			isa = PBXGroup;
			children = (
				1A982FB02E2D9BEE00F65759 /* MealPrepIOSApp.app */,
				1A982FBD2E2D9BF000F65759 /* MealPrepIOSAppTests.xctest */,
				1A982FC72E2D9BF000F65759 /* MealPrepIOSAppUITests.xctest */,
			);
			name = Products;
			sourceTree = "<group>";
		};
/* End PBXGroup section */

/* Begin PBXNativeTarget section */
		1A982FAF2E2D9BEE00F65759 /* MealPrepIOSApp */ = {
			isa = PBXNativeTarget;
			buildConfigurationList = 1A982FD12E2D9BF000F65759 /* Build configuration list for PBXNativeTarget "MealPrepIOSApp" */;
			buildPhases = (
				1A982FAC2E2D9BEE00F65759 /* Sources */,
				1A982FAD2E2D9BEE00F65759 /* Frameworks */,
				1A982FAE2E2D9BEE00F65759 /* Resources */,
			);
			buildRules = (
			);
			dependencies = (
			);
			fileSystemSynchronizedGroups = (
				1A982FB22E2D9BEE00F65759 /* MealPrepIOSApp */,
			);
			name = MealPrepIOSApp;
			packageProductDependencies = (
			);
			productName = MealPrepIOSApp;
			productReference = 1A982FB02E2D9BEE00F65759 /* MealPrepIOSApp.app */;
			productType = "com.apple.product-type.application";
		};
		1A982FBC2E2D9BF000F65759 /* MealPrepIOSAppTests */ = {
			isa = PBXNativeTarget;
			buildConfigurationList = 1A982FD42E2D9BF000F65759 /* Build configuration list for PBXNativeTarget "MealPrepIOSAppTests" */;
			buildPhases = (
				1A982FB92E2D9BF000F65759 /* Sources */,
				1A982FBA2E2D9BF000F65759 /* Frameworks */,
				1A982FBB2E2D9BF000F65759 /* Resources */,
			);
			buildRules = (
			);
			dependencies = (
				1A982FBF2E2D9BF000F65759 /* PBXTargetDependency */,
			);
			fileSystemSynchronizedGroups = (
				1A982FC02E2D9BF000F65759 /* MealPrepIOSAppTests */,
			);
			name = MealPrepIOSAppTests;
			packageProductDependencies = (
			);
			productName = MealPrepIOSAppTests;
			productReference = 1A982FBD2E2D9BF000F65759 /* MealPrepIOSAppTests.xctest */;
			productType = "com.apple.product-type.bundle.unit-test";
		};
		1A982FC62E2D9BF000F65759 /* MealPrepIOSAppUITests */ = {
			isa = PBXNativeTarget;
			buildConfigurationList = 1A982FD72E2D9BF000F65759 /* Build configuration list for PBXNativeTarget "MealPrepIOSAppUITests" */;
			buildPhases = (
				1A982FC32E2D9BF000F65759 /* Sources */,
				1A982FC42E2D9BF000F65759 /* Frameworks */,
				1A982FC52E2D9BF000F65759 /* Resources */,
			);
			buildRules = (
			);
			dependencies = (
				1A982FC92E2D9BF000F65759 /* PBXTargetDependency */,
			);
			fileSystemSynchronizedGroups = (
				1A982FCA2E2D9BF000F65759 /* MealPrepIOSAppUITests */,
			);
			name = MealPrepIOSAppUITests;
			packageProductDependencies = (
			);
			productName = MealPrepIOSAppUITests;
			productReference = 1A982FC72E2D9BF000F65759 /* MealPrepIOSAppUITests.xctest */;
			productType = "com.apple.product-type.bundle.ui-testing";
		};
/* End PBXNativeTarget section */

/* Begin PBXProject section */
		1A982FA82E2D9BEE00F65759 /* Project object */ = {
			isa = PBXProject;
			attributes = {
				BuildIndependentTargetsInParallel = 1;
				LastSwiftUpdateCheck = 1640;
				LastUpgradeCheck = 1640;
				TargetAttributes = {
					1A982FAF2E2D9BEE00F65759 = {
						CreatedOnToolsVersion = 16.4;
					};
					1A982FBC2E2D9BF000F65759 = {
						CreatedOnToolsVersion = 16.4;
						TestTargetID = 1A982FAF2E2D9BEE00F65759;
					};
					1A982FC62E2D9BF000F65759 = {
						CreatedOnToolsVersion = 16.4;
						TestTargetID = 1A982FAF2E2D9BEE00F65759;
					};
				};
			};
			buildConfigurationList = 1A982FAB2E2D9BEE00F65759 /* Build configuration list for PBXProject "MealPrepIOSApp" */;
			developmentRegion = en;
			hasScannedForEncodings = 0;
			knownRegions = (
				en,
				Base,
			);
			mainGroup = 1A982FA72E2D9BEE00F65759;
			minimizedProjectReferenceProxies = 1;
			preferredProjectObjectVersion = 77;
			productRefGroup = 1A982FB12E2D9BEE00F65759 /* Products */;
			projectDirPath = "";
			projectRoot = "";
			targets = (
				1A982FAF2E2D9BEE00F65759 /* MealPrepIOSApp */,
				1A982FBC2E2D9BF000F65759 /* MealPrepIOSAppTests */,
				1A982FC62E2D9BF000F65759 /* MealPrepIOSAppUITests */,
			);
		};
/* End PBXProject section */

/* Begin PBXResourcesBuildPhase section */
		1A982FAE2E2D9BEE00F65759 /* Resources */ = {
			isa = PBXResourcesBuildPhase;
			buildActionMask = 2147483647;
			files = (
			);
			runOnlyForDeploymentPostprocessing = 0;
		};
		1A982FBB2E2D9BF000F65759 /* Resources */ = {
			isa = PBXResourcesBuildPhase;
			buildActionMask = 2147483647;
			files = (
			);
			runOnlyForDeploymentPostprocessing = 0;
		};
		1A982FC52E2D9BF000F65759 /* Resources */ = {
			isa = PBXResourcesBuildPhase;
			buildActionMask = 2147483647;
			files = (
			);
			runOnlyForDeploymentPostprocessing = 0;
		};
/* End PBXResourcesBuildPhase section */

/* Begin PBXSourcesBuildPhase section */
		1A982FAC2E2D9BEE00F65759 /* Sources */ = {
			isa = PBXSourcesBuildPhase;
			buildActionMask = 2147483647;
			files = (
			);
			runOnlyForDeploymentPostprocessing = 0;
		};
		1A982FB92E2D9BF000F65759 /* Sources */ = {
			isa = PBXSourcesBuildPhase;
			buildActionMask = 2147483647;
			files = (
			);
			runOnlyForDeploymentPostprocessing = 0;
		};
		1A982FC32E2D9BF000F65759 /* Sources */ = {
			isa = PBXSourcesBuildPhase;
			buildActionMask = 2147483647;
			files = (
			);
			runOnlyForDeploymentPostprocessing = 0;
		};
/* End PBXSourcesBuildPhase section */

/* Begin PBXTargetDependency section */
		1A982FBF2E2D9BF000F65759 /* PBXTargetDependency */ = {
			isa = PBXTargetDependency;
			target = 1A982FAF2E2D9BEE00F65759 /* MealPrepIOSApp */;
			targetProxy = 1A982FBE2E2D9BF000F65759 /* PBXContainerItemProxy */;
		};
		1A982FC92E2D9BF000F65759 /* PBXTargetDependency */ = {
			isa = PBXTargetDependency;
			target = 1A982FAF2E2D9BEE00F65759 /* MealPrepIOSApp */;
			targetProxy = 1A982FC82E2D9BF000F65759 /* PBXContainerItemProxy */;
		};
/* End PBXTargetDependency section */

/* Begin XCBuildConfiguration section */
		1A982FCF2E2D9BF000F65759 /* Debug */ = {
			isa = XCBuildConfiguration;
			buildSettings = {
				ALWAYS_SEARCH_USER_PATHS = NO;
				ASSETCATALOG_COMPILER_GENERATE_SWIFT_ASSET_SYMBOL_EXTENSIONS = YES;
				CLANG_ANALYZER_NONNULL = YES;
				CLANG_ANALYZER_NUMBER_OBJECT_CONVERSION = YES_AGGRESSIVE;
				CLANG_CXX_LANGUAGE_STANDARD = "gnu++20";
				CLANG_ENABLE_MODULES = YES;
				CLANG_ENABLE_OBJC_ARC = YES;
				CLANG_ENABLE_OBJC_WEAK = YES;
				CLANG_WARN_BLOCK_CAPTURE_AUTORELEASING = YES;
				CLANG_WARN_BOOL_CONVERSION = YES;
				CLANG_WARN_COMMA = YES;
				CLANG_WARN_CONSTANT_CONVERSION = YES;
				CLANG_WARN_DEPRECATED_OBJC_IMPLEMENTATIONS = YES;
				CLANG_WARN_DIRECT_OBJC_ISA_USAGE = YES_ERROR;
				CLANG_WARN_DOCUMENTATION_COMMENTS = YES;
				CLANG_WARN_EMPTY_BODY = YES;
				CLANG_WARN_ENUM_CONVERSION = YES;
				CLANG_WARN_INFINITE_RECURSION = YES;
				CLANG_WARN_INT_CONVERSION = YES;
				CLANG_WARN_NON_LITERAL_NULL_CONVERSION = YES;
				CLANG_WARN_OBJC_IMPLICIT_RETAIN_SELF = YES;
				CLANG_WARN_OBJC_LITERAL_CONVERSION = YES;
				CLANG_WARN_OBJC_ROOT_CLASS = YES_ERROR;
				CLANG_WARN_QUOTED_INCLUDE_IN_FRAMEWORK_HEADER = YES;
				CLANG_WARN_RANGE_LOOP_ANALYSIS = YES;
				CLANG_WARN_STRICT_PROTOTYPES = YES;
				CLANG_WARN_SUSPICIOUS_MOVE = YES;
				CLANG_WARN_UNGUARDED_AVAILABILITY = YES_AGGRESSIVE;
				CLANG_WARN_UNREACHABLE_CODE = YES;
				CLANG_WARN__DUPLICATE_METHOD_MATCH = YES;
				COPY_PHASE_STRIP = NO;
				DEBUG_INFORMATION_FORMAT = dwarf;
				DEVELOPMENT_TEAM = NP5HB3J65Y;
				ENABLE_STRICT_OBJC_MSGSEND = YES;
				ENABLE_TESTABILITY = YES;
				ENABLE_USER_SCRIPT_SANDBOXING = YES;
				GCC_C_LANGUAGE_STANDARD = gnu17;
				GCC_DYNAMIC_NO_PIC = NO;
				GCC_NO_COMMON_BLOCKS = YES;
				GCC_OPTIMIZATION_LEVEL = 0;
				GCC_PREPROCESSOR_DEFINITIONS = (
					"DEBUG=1",
					"$(inherited)",
				);
				GCC_WARN_64_TO_32_BIT_CONVERSION = YES;
				GCC_WARN_ABOUT_RETURN_TYPE = YES_ERROR;
				GCC_WARN_UNDECLARED_SELECTOR = YES;
				GCC_WARN_UNINITIALIZED_AUTOS = YES_AGGRESSIVE;
				GCC_WARN_UNUSED_FUNCTION = YES;
				GCC_WARN_UNUSED_VARIABLE = YES;
				IPHONEOS_DEPLOYMENT_TARGET = 18.5;
				LOCALIZATION_PREFERS_STRING_CATALOGS = YES;
				MTL_ENABLE_DEBUG_INFO = INCLUDE_SOURCE;
				MTL_FAST_MATH = YES;
				ONLY_ACTIVE_ARCH = YES;
				SDKROOT = iphoneos;
				SWIFT_ACTIVE_COMPILATION_CONDITIONS = "DEBUG $(inherited)";
				SWIFT_OPTIMIZATION_LEVEL = "-Onone";
			};
			name = Debug;
		};
		1A982FD02E2D9BF000F65759 /* Release */ = {
			isa = XCBuildConfiguration;
			buildSettings = {
				ALWAYS_SEARCH_USER_PATHS = NO;
				ASSETCATALOG_COMPILER_GENERATE_SWIFT_ASSET_SYMBOL_EXTENSIONS = YES;
				CLANG_ANALYZER_NONNULL = YES;
				CLANG_ANALYZER_NUMBER_OBJECT_CONVERSION = YES_AGGRESSIVE;
				CLANG_CXX_LANGUAGE_STANDARD = "gnu++20";
				CLANG_ENABLE_MODULES = YES;
				CLANG_ENABLE_OBJC_ARC = YES;
				CLANG_ENABLE_OBJC_WEAK = YES;
				CLANG_WARN_BLOCK_CAPTURE_AUTORELEASING = YES;
				CLANG_WARN_BOOL_CONVERSION = YES;
				CLANG_WARN_COMMA = YES;
				CLANG_WARN_CONSTANT_CONVERSION = YES;
				CLANG_WARN_DEPRECATED_OBJC_IMPLEMENTATIONS = YES;
				CLANG_WARN_DIRECT_OBJC_ISA_USAGE = YES_ERROR;
				CLANG_WARN_DOCUMENTATION_COMMENTS = YES;
				CLANG_WARN_EMPTY_BODY = YES;
				CLANG_WARN_ENUM_CONVERSION = YES;
				CLANG_WARN_INFINITE_RECURSION = YES;
				CLANG_WARN_INT_CONVERSION = YES;
				CLANG_WARN_NON_LITERAL_NULL_CONVERSION = YES;
				CLANG_WARN_OBJC_IMPLICIT_RETAIN_SELF = YES;
				CLANG_WARN_OBJC_LITERAL_CONVERSION = YES;
				CLANG_WARN_OBJC_ROOT_CLASS = YES_ERROR;
				CLANG_WARN_QUOTED_INCLUDE_IN_FRAMEWORK_HEADER = YES;
				CLANG_WARN_RANGE_LOOP_ANALYSIS = YES;
				CLANG_WARN_STRICT_PROTOTYPES = YES;
				CLANG_WARN_SUSPICIOUS_MOVE = YES;
				CLANG_WARN_UNGUARDED_AVAILABILITY = YES_AGGRESSIVE;
				CLANG_WARN_UNREACHABLE_CODE = YES;
				CLANG_WARN__DUPLICATE_METHOD_MATCH = YES;
				COPY_PHASE_STRIP = NO;
				DEBUG_INFORMATION_FORMAT = "dwarf-with-dsym";
				DEVELOPMENT_TEAM = NP5HB3J65Y;
				ENABLE_NS_ASSERTIONS = NO;
				ENABLE_STRICT_OBJC_MSGSEND = YES;
				ENABLE_USER_SCRIPT_SANDBOXING = YES;
				GCC_C_LANGUAGE_STANDARD = gnu17;
				GCC_NO_COMMON_BLOCKS = YES;
				GCC_WARN_64_TO_32_BIT_CONVERSION = YES;
				GCC_WARN_ABOUT_RETURN_TYPE = YES_ERROR;
				GCC_WARN_UNDECLARED_SELECTOR = YES;
				GCC_WARN_UNINITIALIZED_AUTOS = YES_AGGRESSIVE;
				GCC_WARN_UNUSED_FUNCTION = YES;
				GCC_WARN_UNUSED_VARIABLE = YES;
				IPHONEOS_DEPLOYMENT_TARGET = 18.5;
				LOCALIZATION_PREFERS_STRING_CATALOGS = YES;
				MTL_ENABLE_DEBUG_INFO = NO;
				MTL_FAST_MATH = YES;
				SDKROOT = iphoneos;
				SWIFT_COMPILATION_MODE = wholemodule;
				VALIDATE_PRODUCT = YES;
			};
			name = Release;
		};
		1A982FD22E2D9BF000F65759 /* Debug */ = {
			isa = XCBuildConfiguration;
			buildSettings = {
				ASSETCATALOG_COMPILER_APPICON_NAME = AppIcon;
				ASSETCATALOG_COMPILER_GLOBAL_ACCENT_COLOR_NAME = AccentColor;
				CODE_SIGN_STYLE = Automatic;
				CURRENT_PROJECT_VERSION = 1;
				DEVELOPMENT_TEAM = NP5HB3J65Y;
				ENABLE_PREVIEWS = YES;
				GENERATE_INFOPLIST_FILE = YES;
				INFOPLIST_KEY_UIApplicationSceneManifest_Generation = YES;
				INFOPLIST_KEY_UIApplicationSupportsIndirectInputEvents = YES;
				INFOPLIST_KEY_UILaunchScreen_Generation = YES;
				INFOPLIST_KEY_UISupportedInterfaceOrientations_iPad = "UIInterfaceOrientationPortrait UIInterfaceOrientationPortraitUpsideDown UIInterfaceOrientationLandscapeLeft UIInterfaceOrientationLandscapeRight";
				INFOPLIST_KEY_UISupportedInterfaceOrientations_iPhone = "UIInterfaceOrientationPortrait UIInterfaceOrientationLandscapeLeft UIInterfaceOrientationLandscapeRight";
				LD_RUNPATH_SEARCH_PATHS = (
					"$(inherited)",
					"@executable_path/Frameworks",
				);
				MARKETING_VERSION = 1.0;
				PRODUCT_BUNDLE_IDENTIFIER = com.mealprep.ios.app.MealPrepIOSApp;
				PRODUCT_NAME = "$(TARGET_NAME)";
				SWIFT_EMIT_LOC_STRINGS = YES;
				SWIFT_VERSION = 5.0;
				TARGETED_DEVICE_FAMILY = "1,2";
			};
			name = Debug;
		};
		1A982FD32E2D9BF000F65759 /* Release */ = {
			isa = XCBuildConfiguration;
			buildSettings = {
				ASSETCATALOG_COMPILER_APPICON_NAME = AppIcon;
				ASSETCATALOG_COMPILER_GLOBAL_ACCENT_COLOR_NAME = AccentColor;
				CODE_SIGN_STYLE = Automatic;
				CURRENT_PROJECT_VERSION = 1;
				DEVELOPMENT_TEAM = NP5HB3J65Y;
				ENABLE_PREVIEWS = YES;
				GENERATE_INFOPLIST_FILE = YES;
				INFOPLIST_KEY_UIApplicationSceneManifest_Generation = YES;
				INFOPLIST_KEY_UIApplicationSupportsIndirectInputEvents = YES;
				INFOPLIST_KEY_UILaunchScreen_Generation = YES;
				INFOPLIST_KEY_UISupportedInterfaceOrientations_iPad = "UIInterfaceOrientationPortrait UIInterfaceOrientationPortraitUpsideDown UIInterfaceOrientationLandscapeLeft UIInterfaceOrientationLandscapeRight";
				INFOPLIST_KEY_UISupportedInterfaceOrientations_iPhone = "UIInterfaceOrientationPortrait UIInterfaceOrientationLandscapeLeft UIInterfaceOrientationLandscapeRight";
				LD_RUNPATH_SEARCH_PATHS = (
					"$(inherited)",
					"@executable_path/Frameworks",
				);
				MARKETING_VERSION = 1.0;
				PRODUCT_BUNDLE_IDENTIFIER = com.mealprep.ios.app.MealPrepIOSApp;
				PRODUCT_NAME = "$(TARGET_NAME)";
				SWIFT_EMIT_LOC_STRINGS = YES;
				SWIFT_VERSION = 5.0;
				TARGETED_DEVICE_FAMILY = "1,2";
			};
			name = Release;
		};
		1A982FD52E2D9BF000F65759 /* Debug */ = {
			isa = XCBuildConfiguration;
			buildSettings = {
				BUNDLE_LOADER = "$(TEST_HOST)";
				CODE_SIGN_STYLE = Automatic;
				CURRENT_PROJECT_VERSION = 1;
				DEVELOPMENT_TEAM = NP5HB3J65Y;
				GENERATE_INFOPLIST_FILE = YES;
				IPHONEOS_DEPLOYMENT_TARGET = 18.5;
				MARKETING_VERSION = 1.0;
				PRODUCT_BUNDLE_IDENTIFIER = com.mealprep.ios.app.MealPrepIOSAppTests;
				PRODUCT_NAME = "$(TARGET_NAME)";
				SWIFT_EMIT_LOC_STRINGS = NO;
				SWIFT_VERSION = 5.0;
				TARGETED_DEVICE_FAMILY = "1,2";
				TEST_HOST = "$(BUILT_PRODUCTS_DIR)/MealPrepIOSApp.app/$(BUNDLE_EXECUTABLE_FOLDER_PATH)/MealPrepIOSApp";
			};
			name = Debug;
		};
		1A982FD62E2D9BF000F65759 /* Release */ = {
			isa = XCBuildConfiguration;
			buildSettings = {
				BUNDLE_LOADER = "$(TEST_HOST)";
				CODE_SIGN_STYLE = Automatic;
				CURRENT_PROJECT_VERSION = 1;
				DEVELOPMENT_TEAM = NP5HB3J65Y;
				GENERATE_INFOPLIST_FILE = YES;
				IPHONEOS_DEPLOYMENT_TARGET = 18.5;
				MARKETING_VERSION = 1.0;
				PRODUCT_BUNDLE_IDENTIFIER = com.mealprep.ios.app.MealPrepIOSAppTests;
				PRODUCT_NAME = "$(TARGET_NAME)";
				SWIFT_EMIT_LOC_STRINGS = NO;
				SWIFT_VERSION = 5.0;
				TARGETED_DEVICE_FAMILY = "1,2";
				TEST_HOST = "$(BUILT_PRODUCTS_DIR)/MealPrepIOSApp.app/$(BUNDLE_EXECUTABLE_FOLDER_PATH)/MealPrepIOSApp";
			};
			name = Release;
		};
		1A982FD82E2D9BF000F65759 /* Debug */ = {
			isa = XCBuildConfiguration;
			buildSettings = {
				CODE_SIGN_STYLE = Automatic;
				CURRENT_PROJECT_VERSION = 1;
				DEVELOPMENT_TEAM = NP5HB3J65Y;
				GENERATE_INFOPLIST_FILE = YES;
				MARKETING_VERSION = 1.0;
				PRODUCT_BUNDLE_IDENTIFIER = com.mealprep.ios.app.MealPrepIOSAppUITests;
				PRODUCT_NAME = "$(TARGET_NAME)";
				SWIFT_EMIT_LOC_STRINGS = NO;
				SWIFT_VERSION = 5.0;
				TARGETED_DEVICE_FAMILY = "1,2";
				TEST_TARGET_NAME = MealPrepIOSApp;
			};
			name = Debug;
		};
		1A982FD92E2D9BF000F65759 /* Release */ = {
			isa = XCBuildConfiguration;
			buildSettings = {
				CODE_SIGN_STYLE = Automatic;
				CURRENT_PROJECT_VERSION = 1;
				DEVELOPMENT_TEAM = NP5HB3J65Y;
				GENERATE_INFOPLIST_FILE = YES;
				MARKETING_VERSION = 1.0;
				PRODUCT_BUNDLE_IDENTIFIER = com.mealprep.ios.app.MealPrepIOSAppUITests;
				PRODUCT_NAME = "$(TARGET_NAME)";
				SWIFT_EMIT_LOC_STRINGS = NO;
				SWIFT_VERSION = 5.0;
				TARGETED_DEVICE_FAMILY = "1,2";
				TEST_TARGET_NAME = MealPrepIOSApp;
			};
			name = Release;
		};
/* End XCBuildConfiguration section */

/* Begin XCConfigurationList section */
		1A982FAB2E2D9BEE00F65759 /* Build configuration list for PBXProject "MealPrepIOSApp" */ = {
			isa = XCConfigurationList;
			buildConfigurations = (
				1A982FCF2E2D9BF000F65759 /* Debug */,
				1A982FD02E2D9BF000F65759 /* Release */,
			);
			defaultConfigurationIsVisible = 0;
			defaultConfigurationName = Release;
		};
		1A982FD12E2D9BF000F65759 /* Build configuration list for PBXNativeTarget "MealPrepIOSApp" */ = {
			isa = XCConfigurationList;
			buildConfigurations = (
				1A982FD22E2D9BF000F65759 /* Debug */,
				1A982FD32E2D9BF000F65759 /* Release */,
			);
			defaultConfigurationIsVisible = 0;
			defaultConfigurationName = Release;
		};
		1A982FD42E2D9BF000F65759 /* Build configuration list for PBXNativeTarget "MealPrepIOSAppTests" */ = {
			isa = XCConfigurationList;
			buildConfigurations = (
				1A982FD52E2D9BF000F65759 /* Debug */,
				1A982FD62E2D9BF000F65759 /* Release */,
			);
			defaultConfigurationIsVisible = 0;
			defaultConfigurationName = Release;
		};
		1A982FD72E2D9BF000F65759 /* Build configuration list for PBXNativeTarget "MealPrepIOSAppUITests" */ = {
			isa = XCConfigurationList;
			buildConfigurations = (
				1A982FD82E2D9BF000F65759 /* Debug */,
				1A982FD92E2D9BF000F65759 /* Release */,
			);
			defaultConfigurationIsVisible = 0;
			defaultConfigurationName = Release;
		};
/* End XCConfigurationList section */
	};
	rootObject = 1A982FA82E2D9BEE00F65759 /* Project object */;
}
